
Microsoft Visual Studio Solution File, Format Version 12.00
# Visual Studio Version 16
VisualStudioVersion = 16.0.30225.117
MinimumVisualStudioVersion = 10.0.40219.1
Project("{FAE04EC0-301F-11D3-BF4B-00C04F79EFBC}") = "UnitTest", "UnitTest\UnitTest.csproj", "{EE55FAE8-8066-4990-A9E2-813144B2BB9E}"
	ProjectSection(ProjectDependencies) = postProject
		{FDBD0C28-B159-4BFD-85B8-CF6FD1BD2C56} = {FDBD0C28-B159-4BFD-85B8-CF6FD1BD2C56}
	EndProjectSection
EndProject
Project("{9A19103F-16F7-4668-BE54-9A1E7A4F7556}") = "DataAccesLayer", "DataAccesLayer\DataAccesLayer.csproj", "{113B4C28-4CD9-4B34-8453-EEEA3E372016}"
EndProject
Project("{FAE04EC0-301F-11D3-BF4B-00C04F79EFBC}") = "SoapServiceWebApp", "SoapServiceWebApp\SoapServiceWebApp.csproj", "{833C63E8-852F-4A1D-A7AC-A31F8AD3078A}"
EndProject
Project("{9A19103F-16F7-4668-BE54-9A1E7A4F7556}") = "DataModelLayer", "DataModelLayer\DataModelLayer.csproj", "{765A0990-4891-4282-89DE-3335DA738779}"
EndProject
Project("{9A19103F-16F7-4668-BE54-9A1E7A4F7556}") = "ServiceLayer", "ServiceLayer\ServiceLayer.csproj", "{FDBD0C28-B159-4BFD-85B8-CF6FD1BD2C56}"
EndProject
Global
	GlobalSection(SolutionConfigurationPlatforms) = preSolution
		Debug|Any CPU = Debug|Any CPU
		Release|Any CPU = Release|Any CPU
	EndGlobalSection
	GlobalSection(ProjectConfigurationPlatforms) = postSolution
		{EE55FAE8-8066-4990-A9E2-813144B2BB9E}.Debug|Any CPU.ActiveCfg = Debug|Any CPU
		{EE55FAE8-8066-4990-A9E2-813144B2BB9E}.Debug|Any CPU.Build.0 = Debug|Any CPU
		{EE55FAE8-8066-4990-A9E2-813144B2BB9E}.Release|Any CPU.ActiveCfg = Release|Any CPU
		{EE55FAE8-8066-4990-A9E2-813144B2BB9E}.Release|Any CPU.Build.0 = Release|Any CPU
		{113B4C28-4CD9-4B34-8453-EEEA3E372016}.Debug|Any CPU.ActiveCfg = Debug|Any CPU
		{113B4C28-4CD9-4B34-8453-EEEA3E372016}.Debug|Any CPU.Build.0 = Debug|Any CPU
		{113B4C28-4CD9-4B34-8453-EEEA3E372016}.Release|Any CPU.ActiveCfg = Release|Any CPU
		{113B4C28-4CD9-4B34-8453-EEEA3E372016}.Release|Any CPU.Build.0 = Release|Any CPU
		{833C63E8-852F-4A1D-A7AC-A31F8AD3078A}.Debug|Any CPU.ActiveCfg = Debug|Any CPU
		{833C63E8-852F-4A1D-A7AC-A31F8AD3078A}.Debug|Any CPU.Build.0 = Debug|Any CPU
		{833C63E8-852F-4A1D-A7AC-A31F8AD3078A}.Release|Any CPU.ActiveCfg = Release|Any CPU
		{833C63E8-852F-4A1D-A7AC-A31F8AD3078A}.Release|Any CPU.Build.0 = Release|Any CPU
		{765A0990-4891-4282-89DE-3335DA738779}.Debug|Any CPU.ActiveCfg = Debug|Any CPU
		{765A0990-4891-4282-89DE-3335DA738779}.Debug|Any CPU.Build.0 = Debug|Any CPU
		{765A0990-4891-4282-89DE-3335DA738779}.Release|Any CPU.ActiveCfg = Release|Any CPU
		{765A0990-4891-4282-89DE-3335DA738779}.Release|Any CPU.Build.0 = Release|Any CPU
		{FDBD0C28-B159-4BFD-85B8-CF6FD1BD2C56}.Debug|Any CPU.ActiveCfg = Debug|Any CPU
		{FDBD0C28-B159-4BFD-85B8-CF6FD1BD2C56}.Debug|Any CPU.Build.0 = Debug|Any CPU
		{FDBD0C28-B159-4BFD-85B8-CF6FD1BD2C56}.Release|Any CPU.ActiveCfg = Release|Any CPU
		{FDBD0C28-B159-4BFD-85B8-CF6FD1BD2C56}.Release|Any CPU.Build.0 = Release|Any CPU
	EndGlobalSection
	GlobalSection(SolutionProperties) = preSolution
		HideSolutionNode = FALSE
	EndGlobalSection
	GlobalSection(ExtensibilityGlobals) = postSolution
		SolutionGuid = {20CB5BAE-0764-4EFA-898A-D2D6607207FB}
	EndGlobalSection
EndGlobal
